
Microsoft Visual Studio Solution File, Format Version 12.00
# Visual Studio 14
VisualStudioVersion = 14.0.23107.0
MinimumVisualStudioVersion = 10.0.40219.1
Project("{2150E333-8FDC-42A3-9474-1A3956D46DE8}") = "Solution Items", "Solution Items", "{B7169B89-E6A3-4E74-9546-7C838FA005A5}"
	ProjectSection(SolutionItems) = preProject
		global.json = global.json
		NuGet.Config = NuGet.Config
	EndProjectSection
EndProject
Project("{2150E333-8FDC-42A3-9474-1A3956D46DE8}") = "test", "test", "{7B63597D-863D-46C4-9F9E-D60E74435E81}"
EndProject
Project("{2150E333-8FDC-42A3-9474-1A3956D46DE8}") = "samples", "samples", "{BB7425A8-C6A0-4B91-B99D-C48E0BE27F66}"
EndProject
Project("{2150E333-8FDC-42A3-9474-1A3956D46DE8}") = "src", "src", "{C1B84D1C-2AF9-419D-BD57-16B87F377256}"
EndProject
Project("{8BB2217D-0F2D-49D1-97BC-3654ED321F3B}") = "Microsoft.AspNet.StressFramework", "src\Microsoft.AspNet.StressFramework\Microsoft.AspNet.StressFramework.xproj", "{1C90BF69-88B0-4079-9F90-48FE5ABE3B25}"
EndProject
Global
	GlobalSection(SolutionConfigurationPlatforms) = preSolution
		Debug|Any CPU = Debug|Any CPU
		Release|Any CPU = Release|Any CPU
	EndGlobalSection
	GlobalSection(ProjectConfigurationPlatforms) = postSolution
		{1C90BF69-88B0-4079-9F90-48FE5ABE3B25}.Debug|Any CPU.ActiveCfg = Debug|Any CPU
		{1C90BF69-88B0-4079-9F90-48FE5ABE3B25}.Debug|Any CPU.Build.0 = Debug|Any CPU
		{1C90BF69-88B0-4079-9F90-48FE5ABE3B25}.Release|Any CPU.ActiveCfg = Release|Any CPU
		{1C90BF69-88B0-4079-9F90-48FE5ABE3B25}.Release|Any CPU.Build.0 = Release|Any CPU
	EndGlobalSection
	GlobalSection(SolutionProperties) = preSolution
		HideSolutionNode = FALSE
	EndGlobalSection
	GlobalSection(NestedProjects) = preSolution
		{1C90BF69-88B0-4079-9F90-48FE5ABE3B25} = {C1B84D1C-2AF9-419D-BD57-16B87F377256}
	EndGlobalSection
EndGlobal
